
Microsoft Visual Studio Solution File, Format Version 12.00
# Visual Studio Version 17
VisualStudioVersion = 17.14.36221.1 d17.14
MinimumVisualStudioVersion = 10.0.40219.1
Project("{FAE04EC0-301F-11D3-BF4B-00C04F79EFBC}") = "UserSystem", "UserSystem.csproj", "{D5382434-466B-4671-9EB3-D638E4BEF693}"
EndProject
Global
	GlobalSection(SolutionConfigurationPlatforms) = preSolution
		Debug|Any CPU = Debug|Any CPU
		Release|Any CPU = Release|Any CPU
	EndGlobalSection
	GlobalSection(ProjectConfigurationPlatforms) = postSolution
		{D5382434-466B-4671-9EB3-D638E4BEF693}.Debug|Any CPU.ActiveCfg = Debug|Any CPU
		{D5382434-466B-4671-9EB3-D638E4BEF693}.Debug|Any CPU.Build.0 = Debug|Any CPU
		{D5382434-466B-4671-9EB3-D638E4BEF693}.Release|Any CPU.ActiveCfg = Release|Any CPU
		{D5382434-466B-4671-9EB3-D638E4BEF693}.Release|Any CPU.Build.0 = Release|Any CPU
	EndGlobalSection
	GlobalSection(SolutionProperties) = preSolution
		HideSolutionNode = FALSE
	EndGlobalSection
	GlobalSection(ExtensibilityGlobals) = postSolution
		SolutionGuid = {CDB964CD-83B8-4D92-AB7D-8845E73160C6}
	EndGlobalSection
EndGlobal
